# This file is automatically @generated by Poetry 1.7.1 and should not be changed by hand.

[[package]]
name = "grpcio"
version = "1.66.0"
description = "HTTP/2-based RPC framework"
optional = false
python-versions = ">=3.8"
files = [
    {file = "grpcio-1.66.0-cp310-cp310-linux_armv7l.whl", hash = "sha256:ad7256f224437b2c29c2bef98ddd3130454c5b1ab1f0471fc11794cefd4dbd3d"},
    {file = "grpcio-1.66.0-cp310-cp310-macosx_12_0_universal2.whl", hash = "sha256:5f4b3357e59dfba9140a51597287297bc638710d6a163f99ee14efc19967a821"},
    {file = "grpcio-1.66.0-cp310-cp310-manylinux_2_17_aarch64.whl", hash = "sha256:e8d20308eeae15b3e182f47876f05acbdec1eebd9473a9814a44e46ec4a84c04"},
    {file = "grpcio-1.66.0-cp310-cp310-manylinux_2_17_i686.manylinux2014_i686.whl", hash = "sha256:1eb03524d0f55b965d6c86aa44e5db9e5eaa15f9ed3b164621e652e5b927f4b8"},
    {file = "grpcio-1.66.0-cp310-cp310-manylinux_2_17_x86_64.manylinux2014_x86_64.whl", hash = "sha256:37514b68a42e9cf24536345d3cf9e580ffd29117c158b4eeea34625200256067"},
    {file = "grpcio-1.66.0-cp310-cp310-musllinux_1_1_i686.whl", hash = "sha256:516fdbc8e156db71a004bc431a6303bca24cfde186babe96dde7bd01e8f0cc70"},
    {file = "grpcio-1.66.0-cp310-cp310-musllinux_1_1_x86_64.whl", hash = "sha256:d0439a970d65327de21c299ea0e0c2ad0987cdaf18ba5066621dea5f427f922b"},
    {file = "grpcio-1.66.0-cp310-cp310-win32.whl", hash = "sha256:5f93fc84b72bbc7b84a42f3ca9dc055fa00d2303d9803be011ebf7a10a4eb833"},
    {file = "grpcio-1.66.0-cp310-cp310-win_amd64.whl", hash = "sha256:8fc5c710ddd51b5a0dc36ef1b6663430aa620e0ce029b87b150dafd313b978c3"},
    {file = "grpcio-1.66.0-cp311-cp311-linux_armv7l.whl", hash = "sha256:dd614370e939f9fceeeb2915111a0795271b4c11dfb5fc0f58449bee40c726a5"},
    {file = "grpcio-1.66.0-cp311-cp311-macosx_10_9_universal2.whl", hash = "sha256:245b08f9b3c645a6a623f3ed4fa43dcfcd6ad701eb9c32511c1bb7380e8c3d23"},
    {file = "grpcio-1.66.0-cp311-cp311-manylinux_2_17_aarch64.whl", hash = "sha256:aaf30c75cbaf30e561ca45f21eb1f729f0fab3f15c592c1074795ed43e3ff96f"},
    {file = "grpcio-1.66.0-cp311-cp311-manylinux_2_17_i686.manylinux2014_i686.whl", hash = "sha256:49234580a073ce7ac490112f6c67c874cbcb27804c4525978cdb21ba7f3f193c"},
    {file = "grpcio-1.66.0-cp311-cp311-manylinux_2_17_x86_64.manylinux2014_x86_64.whl", hash = "sha256:de9e20a0acb709dcfa15a622c91f584f12c9739a79c47999f73435d2b3cc8a3b"},
    {file = "grpcio-1.66.0-cp311-cp311-musllinux_1_1_i686.whl", hash = "sha256:bc008c6afa1e7c8df99bd9154abc4f0470d26b7730ca2521122e99e771baa8c7"},
    {file = "grpcio-1.66.0-cp311-cp311-musllinux_1_1_x86_64.whl", hash = "sha256:50cea8ce2552865b87e3dffbb85eb21e6b98d928621600c0feda2f02449cd837"},
    {file = "grpcio-1.66.0-cp311-cp311-win32.whl", hash = "sha256:508411df1f2b7cfa05d4d7dbf3d576fe4f949cd61c03f3a6f0378c84e3d7b963"},
    {file = "grpcio-1.66.0-cp311-cp311-win_amd64.whl", hash = "sha256:6d586a95c05c82a5354be48bb4537e1accaf2472d8eb7e9086d844cbff934482"},
    {file = "grpcio-1.66.0-cp312-cp312-linux_armv7l.whl", hash = "sha256:5ea27f4ce8c0daccfdd2c7961e6ba404b6599f47c948415c4cca5728739107a3"},
    {file = "grpcio-1.66.0-cp312-cp312-macosx_10_9_universal2.whl", hash = "sha256:296a45ea835e12a1cc35ab0c57e455346c272af7b0d178e29c67742167262b4c"},
    {file = "grpcio-1.66.0-cp312-cp312-manylinux_2_17_aarch64.whl", hash = "sha256:e36fa838ac1d6c87198ca149cbfcc92e1af06bb8c8cd852622f8e58f33ea3324"},
    {file = "grpcio-1.66.0-cp312-cp312-manylinux_2_17_i686.manylinux2014_i686.whl", hash = "sha256:684a4c07883cbd4ac864f0d08d927267404f5f0c76f31c85f9bbe05f2daae2f2"},
    {file = "grpcio-1.66.0-cp312-cp312-manylinux_2_17_x86_64.manylinux2014_x86_64.whl", hash = "sha256:c3084e590e857ba7585ae91078e4c9b6ef55aaf1dc343ce26400ba59a146eada"},
    {file = "grpcio-1.66.0-cp312-cp312-musllinux_1_1_i686.whl", hash = "sha256:526d4f6ca19f31b25606d5c470ecba55c0b22707b524e4de8987919e8920437d"},
    {file = "grpcio-1.66.0-cp312-cp312-musllinux_1_1_x86_64.whl", hash = "sha256:423ae18637cd99ddcf2e5a6851c61828c49e9b9d022d0442d979b4f230109787"},
    {file = "grpcio-1.66.0-cp312-cp312-win32.whl", hash = "sha256:7bc9d823e05d63a87511fb456dcc48dc0fced86c282bf60229675e7ee7aac1a1"},
    {file = "grpcio-1.66.0-cp312-cp312-win_amd64.whl", hash = "sha256:230cdd696751e7eb1395718cd308234749daa217bb8d128f00357dc4df102558"},
    {file = "grpcio-1.66.0-cp38-cp38-linux_armv7l.whl", hash = "sha256:0f3010bf46b2a01c9e40644cb9ed91b4b8435e5c500a275da5f9f62580e31e80"},
    {file = "grpcio-1.66.0-cp38-cp38-macosx_10_9_universal2.whl", hash = "sha256:ba18cfdc09312eb2eea6fa0ce5d2eec3cf345ea78f6528b2eaed6432105e0bd0"},
    {file = "grpcio-1.66.0-cp38-cp38-manylinux_2_17_aarch64.whl", hash = "sha256:53d4c6706b49e358a2a33345dbe9b6b3bb047cecd7e8c07ba383bd09349bfef8"},
    {file = "grpcio-1.66.0-cp38-cp38-manylinux_2_17_i686.manylinux2014_i686.whl", hash = "sha256:643d8d9632a688ae69661e924b862e23c83a3575b24e52917ec5bcc59543d212"},
    {file = "grpcio-1.66.0-cp38-cp38-manylinux_2_17_x86_64.manylinux2014_x86_64.whl", hash = "sha256:ba60ae3b465b3e85080ae3bfbc36fd0305ae495ab16fcf8022fc7d7a23aac846"},
    {file = "grpcio-1.66.0-cp38-cp38-musllinux_1_1_i686.whl", hash = "sha256:9d5251578767fe44602688c851c2373b5513048ac84c21a0fe946590a8e7933d"},
    {file = "grpcio-1.66.0-cp38-cp38-musllinux_1_1_x86_64.whl", hash = "sha256:5e8140b39f10d7be2263afa2838112de29374c5c740eb0afd99146cb5bdbd990"},
    {file = "grpcio-1.66.0-cp38-cp38-win32.whl", hash = "sha256:5b15ef1b296c4e78f15f64fc65bf8081f8774480ffcac45642f69d9d753d9c6b"},
    {file = "grpcio-1.66.0-cp38-cp38-win_amd64.whl", hash = "sha256:c072f90a1f0409f827ae86266984cba65e89c5831a0726b9fc7f4b5fb940b853"},
    {file = "grpcio-1.66.0-cp39-cp39-linux_armv7l.whl", hash = "sha256:a639d3866bfb5a678b5c0b92cd7ab543033ed8988854290fd86145e71731fd4c"},
    {file = "grpcio-1.66.0-cp39-cp39-macosx_10_9_universal2.whl", hash = "sha256:6ed35bf7da3fb3b1949e32bdf47a8b5ffe0aed11722d948933bd068531cd4682"},
    {file = "grpcio-1.66.0-cp39-cp39-manylinux_2_17_aarch64.whl", hash = "sha256:1c5466222470cb7fbc9cc898af1d48eefd297cb2e2f59af6d4a851c862fa90ac"},
    {file = "grpcio-1.66.0-cp39-cp39-manylinux_2_17_i686.manylinux2014_i686.whl", hash = "sha256:921b8f7f25d5300d7c6837a1e0639ef145fbdbfb728e0a5db2dbccc9fc0fd891"},
    {file = "grpcio-1.66.0-cp39-cp39-manylinux_2_17_x86_64.manylinux2014_x86_64.whl", hash = "sha256:c3f6feb0dc8456d025e566709f7dd02885add99bedaac50229013069242a1bfd"},
    {file = "grpcio-1.66.0-cp39-cp39-musllinux_1_1_i686.whl", hash = "sha256:748452dbd5a047475d5413bdef08b0b9ceb2c0c0e249d4ee905a5fb82c6328dc"},
    {file = "grpcio-1.66.0-cp39-cp39-musllinux_1_1_x86_64.whl", hash = "sha256:832945e64176520520317b50d64ec7d79924429528d5747669b52d0bf2c7bd78"},
    {file = "grpcio-1.66.0-cp39-cp39-win32.whl", hash = "sha256:8096a922eb91bc97c839f675c3efa1257c6ef181ae1b25d3fb97f2cae4c57c01"},
    {file = "grpcio-1.66.0-cp39-cp39-win_amd64.whl", hash = "sha256:375b58892301a5fc6ca7d7ff689c9dc9d00895f5d560604ace9f4f0573013c63"},
    {file = "grpcio-1.66.0.tar.gz", hash = "sha256:c1ea4c528e7db6660718e4165fd1b5ac24b79a70c870a7bc0b7bdb9babab7c1e"},
]

[package.extras]
protobuf = ["grpcio-tools (>=1.66.0)"]

[[package]]
name = "grpcio-tools"
version = "1.66.0"
description = "Protobuf code generator for gRPC"
optional = false
python-versions = ">=3.8"
files = [
    {file = "grpcio_tools-1.66.0-cp310-cp310-linux_armv7l.whl", hash = "sha256:e0841fe0aa865694468243b682792d6649a9eaaeec103984a74fcf4289851a83"},
    {file = "grpcio_tools-1.66.0-cp310-cp310-macosx_12_0_universal2.whl", hash = "sha256:30261ab79e460e93002117627ec42a960c0d3d6292e3fd44a43eae94aedbae9a"},
    {file = "grpcio_tools-1.66.0-cp310-cp310-manylinux_2_17_aarch64.whl", hash = "sha256:879a70a153f05d61fae8e7dd88ad67c63c1a30ee22c344509ec2b898f1e29250"},
    {file = "grpcio_tools-1.66.0-cp310-cp310-manylinux_2_17_i686.manylinux2014_i686.whl", hash = "sha256:ff704d5b2c66e15aee1f34c74d8a44f0b613e9205d69c22172ffa056f9791db4"},
    {file = "grpcio_tools-1.66.0-cp310-cp310-manylinux_2_17_x86_64.manylinux2014_x86_64.whl", hash = "sha256:24773294210f554cdf282feaa3f95b79e22de56f78ec7a2e66c990266100480b"},
    {file = "grpcio_tools-1.66.0-cp310-cp310-musllinux_1_1_i686.whl", hash = "sha256:2da55cab0569eb2bae8fc445cb9eaafad488918e4a443f831dbdd2ce60c47684"},
    {file = "grpcio_tools-1.66.0-cp310-cp310-musllinux_1_1_x86_64.whl", hash = "sha256:72e86d15d5dab2f25385e40608f5dc6b512172c3b10d01952d3d25f2d0648b7c"},
    {file = "grpcio_tools-1.66.0-cp310-cp310-win32.whl", hash = "sha256:923c60602e2025e1082cd3a1d7a5f74314f945ebb4763a939cc3f5a667d48d7f"},
    {file = "grpcio_tools-1.66.0-cp310-cp310-win_amd64.whl", hash = "sha256:95edac51be6cd1391726024dea3a2a852c0a4c63e90de1ec52b5857d1ad5fef1"},
    {file = "grpcio_tools-1.66.0-cp311-cp311-linux_armv7l.whl", hash = "sha256:81123f93a4f93f8e2bd7ba4a106c1eb1529e0336368c3b93c077f7649b48d784"},
    {file = "grpcio_tools-1.66.0-cp311-cp311-macosx_10_9_universal2.whl", hash = "sha256:95e3d1506bb3c6574c9d359ac78eaaad18276a3aaa328852796ee10d28a10656"},
    {file = "grpcio_tools-1.66.0-cp311-cp311-manylinux_2_17_aarch64.whl", hash = "sha256:51cdcdf9dc9087bfc5d7aa03c4c76614350e0f7ef0689763f69938d1a7ebfac4"},
    {file = "grpcio_tools-1.66.0-cp311-cp311-manylinux_2_17_i686.manylinux2014_i686.whl", hash = "sha256:e5ef97b6e945e77575d07dc2158773313aa1b36ddab41c59a1c51803b4620abd"},
    {file = "grpcio_tools-1.66.0-cp311-cp311-manylinux_2_17_x86_64.manylinux2014_x86_64.whl", hash = "sha256:cc188a5fbaf25e3a5f91f815d3928b1e40ba38f5a5f5b5e86f640c575f7db1c9"},
    {file = "grpcio_tools-1.66.0-cp311-cp311-musllinux_1_1_i686.whl", hash = "sha256:fddc8f3216199f47f2370f8a22ecc10a4e0b5c434eeab0ec47a79fb292e5a6f8"},
    {file = "grpcio_tools-1.66.0-cp311-cp311-musllinux_1_1_x86_64.whl", hash = "sha256:87a654381cdc43a64f890e1f68ca14f09c5bcafe9fe2481f50029a220b748d15"},
    {file = "grpcio_tools-1.66.0-cp311-cp311-win32.whl", hash = "sha256:ecb781e41b08b094742137f56740acebedc29a18480a37c16d5dfed2aef0597a"},
    {file = "grpcio_tools-1.66.0-cp311-cp311-win_amd64.whl", hash = "sha256:cf5906367329121b90942de6a2f77b316090ce15980254c61ecd5043526dc03d"},
    {file = "grpcio_tools-1.66.0-cp312-cp312-linux_armv7l.whl", hash = "sha256:bcb7f09c1569c2e5f1600e5b1eb6a8321e789a3e1d2f9ec5c236c62d61d22879"},
    {file = "grpcio_tools-1.66.0-cp312-cp312-macosx_10_9_universal2.whl", hash = "sha256:ca654c732029483a0355164f551b4531eae1d1f64e269d389d97d79a0b087966"},
    {file = "grpcio_tools-1.66.0-cp312-cp312-manylinux_2_17_aarch64.whl", hash = "sha256:b117868e2040489d8d542348a45cce6225fc87e1bc5e6092ad05bea343d4723d"},
    {file = "grpcio_tools-1.66.0-cp312-cp312-manylinux_2_17_i686.manylinux2014_i686.whl", hash = "sha256:d72c6a8e1470832199764a4ac4aa999def0ccfb0fe0266c73aae003812acb957"},
    {file = "grpcio_tools-1.66.0-cp312-cp312-manylinux_2_17_x86_64.manylinux2014_x86_64.whl", hash = "sha256:7055599f250713662022f5096956c220ff0f43a7ab500d080b0f343ba8d98e14"},
    {file = "grpcio_tools-1.66.0-cp312-cp312-musllinux_1_1_i686.whl", hash = "sha256:4ecd2caa15c2070182e49aa1771cbf8e6181e5072833222401d965c6338a075c"},
    {file = "grpcio_tools-1.66.0-cp312-cp312-musllinux_1_1_x86_64.whl", hash = "sha256:b7da029e5a1270a0342c01f897436ab690677502e12f18664b7387a5e6938134"},
    {file = "grpcio_tools-1.66.0-cp312-cp312-win32.whl", hash = "sha256:bde2aca5fd16e5ab37cf83a8a7b805ccb7faceb804c562387852a3146bfd7eaf"},
    {file = "grpcio_tools-1.66.0-cp312-cp312-win_amd64.whl", hash = "sha256:e5507e1fee9caa19e2525d280016af8f4404affaad1a7c08beb7060797bd7972"},
    {file = "grpcio_tools-1.66.0-cp38-cp38-linux_armv7l.whl", hash = "sha256:01449e9b20347fc7661f79090a9c0317e6de2759748170ac04cc0a4db74a681f"},
    {file = "grpcio_tools-1.66.0-cp38-cp38-macosx_10_9_universal2.whl", hash = "sha256:9c026adf37d1dacc3270c60ef479945c68756a251c362aef51c250e1f69f6a18"},
    {file = "grpcio_tools-1.66.0-cp38-cp38-manylinux_2_17_aarch64.whl", hash = "sha256:2e31ac9a93feb5a4fbbb72de7a9a39709f28eea8183bab5e88f90a7facccf00b"},
    {file = "grpcio_tools-1.66.0-cp38-cp38-manylinux_2_17_i686.manylinux2014_i686.whl", hash = "sha256:63897f679ea55bc25accc825329b53acef2ad1266237d90be63c5aeaaa5bf175"},
    {file = "grpcio_tools-1.66.0-cp38-cp38-manylinux_2_17_x86_64.manylinux2014_x86_64.whl", hash = "sha256:7d38a0b97d16343b3389228edc58c9dfea69bd3833fe458681f9cf66d13bb2e0"},
    {file = "grpcio_tools-1.66.0-cp38-cp38-musllinux_1_1_i686.whl", hash = "sha256:8e197458cc1747f56a5b6bddd635247f86d3eb2a8a191e3f43ce0e6f2bf374c5"},
    {file = "grpcio_tools-1.66.0-cp38-cp38-musllinux_1_1_x86_64.whl", hash = "sha256:fd70b60d6b62df3d232e6c4f6c061c6bb5e071af88fe6323487d0b3b97ac87d2"},
    {file = "grpcio_tools-1.66.0-cp38-cp38-win32.whl", hash = "sha256:65dfc1019a6dc3343161360a9436ca34f4aa4ffc40f4cdcd98e1e887dbe87cf8"},
    {file = "grpcio_tools-1.66.0-cp38-cp38-win_amd64.whl", hash = "sha256:2a76db15aea734e583158c7190615f9e82de19fbb1f8d15f7a34fa9e4c3938a5"},
    {file = "grpcio_tools-1.66.0-cp39-cp39-linux_armv7l.whl", hash = "sha256:95f1d076a310007fff710b4eea648a98ec75e0eb755b9df9af03b38a120ed8ac"},
    {file = "grpcio_tools-1.66.0-cp39-cp39-macosx_10_9_universal2.whl", hash = "sha256:eaf20f8141646b1db73f36711960d1bdf96435fbce670417e0754b15fbc52e76"},
    {file = "grpcio_tools-1.66.0-cp39-cp39-manylinux_2_17_aarch64.whl", hash = "sha256:d84db86038507c86bfa148c9b6dde5a17b8b2e529eecbf1ca427c367043a56e8"},
    {file = "grpcio_tools-1.66.0-cp39-cp39-manylinux_2_17_i686.manylinux2014_i686.whl", hash = "sha256:7ca7080ac2aed6d303fab162c5945d920c0243a7a393df71c9f98882583dcda5"},
    {file = "grpcio_tools-1.66.0-cp39-cp39-manylinux_2_17_x86_64.manylinux2014_x86_64.whl", hash = "sha256:af2f8f944e779cb8dd5b5e8a689514775c745068cd564df662e00cab45430d40"},
    {file = "grpcio_tools-1.66.0-cp39-cp39-musllinux_1_1_i686.whl", hash = "sha256:e67a36da1ca3501933f26bd65589b7a5abdf5cfed79fd419054a0924f79fa760"},
    {file = "grpcio_tools-1.66.0-cp39-cp39-musllinux_1_1_x86_64.whl", hash = "sha256:2e78e94d9db3d686bc76f0ecedf5634ca3fad2d94e50c564a7d87630326719e8"},
    {file = "grpcio_tools-1.66.0-cp39-cp39-win32.whl", hash = "sha256:00aafd7714f2e2f618ec75b0f13df6a6f174f2bc50ad70c79443d8f5aa60df96"},
    {file = "grpcio_tools-1.66.0-cp39-cp39-win_amd64.whl", hash = "sha256:a236df9ac2dd1f6009adc94bce1da10ac46dd87a04dea86bfbeadaa261c7adea"},
    {file = "grpcio_tools-1.66.0.tar.gz", hash = "sha256:6e111f73f400d64b8dc32f5dab67c5e806c290eb2658fecdbfc44c2bb1020efc"},
]

[package.dependencies]
grpcio = ">=1.66.0"
protobuf = ">=5.26.1,<6.0dev"
setuptools = "*"

[[package]]
name = "mypy-protobuf"
version = "3.6.0"
description = "Generate mypy stub files from protobuf specs"
optional = false
python-versions = ">=3.8"
files = [
    {file = "mypy-protobuf-3.6.0.tar.gz", hash = "sha256:02f242eb3409f66889f2b1a3aa58356ec4d909cdd0f93115622e9e70366eca3c"},
    {file = "mypy_protobuf-3.6.0-py3-none-any.whl", hash = "sha256:56176e4d569070e7350ea620262478b49b7efceba4103d468448f1d21492fd6c"},
]

[package.dependencies]
protobuf = ">=4.25.3"
types-protobuf = ">=4.24"

[[package]]
name = "protobuf"
version = "5.27.3"
description = ""
optional = false
python-versions = ">=3.8"
files = [
    {file = "protobuf-5.27.3-cp310-abi3-win32.whl", hash = "sha256:dcb307cd4ef8fec0cf52cb9105a03d06fbb5275ce6d84a6ae33bc6cf84e0a07b"},
    {file = "protobuf-5.27.3-cp310-abi3-win_amd64.whl", hash = "sha256:16ddf3f8c6c41e1e803da7abea17b1793a97ef079a912e42351eabb19b2cffe7"},
    {file = "protobuf-5.27.3-cp38-abi3-macosx_10_9_universal2.whl", hash = "sha256:68248c60d53f6168f565a8c76dc58ba4fa2ade31c2d1ebdae6d80f969cdc2d4f"},
    {file = "protobuf-5.27.3-cp38-abi3-manylinux2014_aarch64.whl", hash = "sha256:b8a994fb3d1c11156e7d1e427186662b64694a62b55936b2b9348f0a7c6625ce"},
    {file = "protobuf-5.27.3-cp38-abi3-manylinux2014_x86_64.whl", hash = "sha256:a55c48f2a2092d8e213bd143474df33a6ae751b781dd1d1f4d953c128a415b25"},
    {file = "protobuf-5.27.3-cp38-cp38-win32.whl", hash = "sha256:043853dcb55cc262bf2e116215ad43fa0859caab79bb0b2d31b708f128ece035"},
    {file = "protobuf-5.27.3-cp38-cp38-win_amd64.whl", hash = "sha256:c2a105c24f08b1e53d6c7ffe69cb09d0031512f0b72f812dd4005b8112dbe91e"},
    {file = "protobuf-5.27.3-cp39-cp39-win32.whl", hash = "sha256:c84eee2c71ed83704f1afbf1a85c3171eab0fd1ade3b399b3fad0884cbcca8bf"},
    {file = "protobuf-5.27.3-cp39-cp39-win_amd64.whl", hash = "sha256:af7c0b7cfbbb649ad26132e53faa348580f844d9ca46fd3ec7ca48a1ea5db8a1"},
    {file = "protobuf-5.27.3-py3-none-any.whl", hash = "sha256:8572c6533e544ebf6899c360e91d6bcbbee2549251643d32c52cf8a5de295ba5"},
    {file = "protobuf-5.27.3.tar.gz", hash = "sha256:82460903e640f2b7e34ee81a947fdaad89de796d324bcbc38ff5430bcdead82c"},
]

[[package]]
name = "setuptools"
version = "72.1.0"
description = "Easily download, build, install, upgrade, and uninstall Python packages"
optional = false
python-versions = ">=3.8"
files = [
    {file = "setuptools-72.1.0-py3-none-any.whl", hash = "sha256:5a03e1860cf56bb6ef48ce186b0e557fdba433237481a9a625176c2831be15d1"},
    {file = "setuptools-72.1.0.tar.gz", hash = "sha256:8d243eff56d095e5817f796ede6ae32941278f542e0f941867cc05ae52b162ec"},
]

[package.extras]
core = ["importlib-metadata (>=6)", "importlib-resources (>=5.10.2)", "jaraco.text (>=3.7)", "more-itertools (>=8.8)", "ordered-set (>=3.1.1)", "packaging (>=24)", "platformdirs (>=2.6.2)", "tomli (>=2.0.1)", "wheel (>=0.43.0)"]
doc = ["furo", "jaraco.packaging (>=9.3)", "jaraco.tidelift (>=1.4)", "pygments-github-lexers (==0.0.5)", "pyproject-hooks (!=1.1)", "rst.linker (>=1.9)", "sphinx (>=3.5)", "sphinx-favicon", "sphinx-inline-tabs", "sphinx-lint", "sphinx-notfound-page (>=1,<2)", "sphinx-reredirects", "sphinxcontrib-towncrier"]
test = ["build[virtualenv] (>=1.0.3)", "filelock (>=3.4.0)", "importlib-metadata", "ini2toml[lite] (>=0.14)", "jaraco.develop (>=7.21)", "jaraco.envs (>=2.2)", "jaraco.path (>=3.2.0)", "jaraco.test", "mypy (==1.11.*)", "packaging (>=23.2)", "pip (>=19.1)", "pyproject-hooks (!=1.1)", "pytest (>=6,!=8.1.*)", "pytest-checkdocs (>=2.4)", "pytest-cov", "pytest-enabler (>=2.2)", "pytest-home (>=0.5)", "pytest-mypy", "pytest-perf", "pytest-ruff (<0.4)", "pytest-ruff (>=0.2.1)", "pytest-ruff (>=0.3.2)", "pytest-subprocess", "pytest-timeout", "pytest-xdist (>=3)", "tomli", "tomli-w (>=1.0.0)", "virtualenv (>=13.0.0)", "wheel"]

[[package]]
name = "types-protobuf"
version = "5.27.0.20240626"
description = "Typing stubs for protobuf"
optional = false
python-versions = ">=3.8"
files = [
    {file = "types-protobuf-5.27.0.20240626.tar.gz", hash = "sha256:683ba14043bade6785e3f937a7498f243b37881a91ac8d81b9202ecf8b191e9c"},
    {file = "types_protobuf-5.27.0.20240626-py3-none-any.whl", hash = "sha256:688e8f7e8d9295db26bc560df01fb731b27a25b77cbe4c1ce945647f7024f5c1"},
]

[metadata]
lock-version = "2.0"
python-versions = "^3.9"
content-hash = "2a21851af476a8ae2b4bf97cbacb0a7512ec78f624d80dfc8910c6a1be6be2d8"
